
Microsoft Visual Studio Solution File, Format Version 12.00
# Visual Studio Version 17
VisualStudioVersion = 17.4.32912.340
MinimumVisualStudioVersion = 10.0.40219.1
Project("{2150E333-8FDC-42A3-9474-1A3956D46DE8}") = "src", "src", "{2538699A-4E3E-45D8-A89D-B1FCF077B9BD}"
EndProject
Project("{9A19103F-16F7-4668-BE54-9A1E7A4F7556}") = "Inventory.Infrastructure", "src\Inventory.Infrastructure\Inventory.Infrastructure.csproj", "{FD671329-1CC5-4551-B71D-980A4C6D4DFD}"
EndProject
Project("{9A19103F-16F7-4668-BE54-9A1E7A4F7556}") = "Inventory.Presentation", "src\Inventory.Presentation\Inventory.Presentation.csproj", "{CE585B48-FD03-41FF-AEF7-9664BCFC0B20}"
EndProject
Project("{9A19103F-16F7-4668-BE54-9A1E7A4F7556}") = "Inventory.Application", "src\Inventory.Application\Inventory.Application.csproj", "{6FCA94C7-6535-4B5F-9F40-42EE44D71C93}"
EndProject
Project("{2150E333-8FDC-42A3-9474-1A3956D46DE8}") = "BuildingBlocks", "BuildingBlocks", "{DDC8A81B-DF7D-44E7-8954-40C279E6B600}"
EndProject
Project("{9A19103F-16F7-4668-BE54-9A1E7A4F7556}") = "BuildingBlocks.Domain", "src\BuildingBlocks\BuildingBlocks.Domain\BuildingBlocks.Domain.csproj", "{08F9223E-A962-4470-96F6-6618E311D628}"
EndProject
Project("{9A19103F-16F7-4668-BE54-9A1E7A4F7556}") = "BuildingBlocks.Application", "src\BuildingBlocks\BuildingBlocks.Application\BuildingBlocks.Application.csproj", "{5D15FA1B-BE01-4E57-B38F-2DDB73C4D1E8}"
EndProject
Project("{9A19103F-16F7-4668-BE54-9A1E7A4F7556}") = "BuildingBlocks.Infrastructure", "src\BuildingBlocks\BuildingBlocks.Infrastructure\BuildingBlocks.Infrastructure.csproj", "{B2E8FB46-7AD0-4803-B307-E0F278EAD9E4}"
EndProject
Project("{9A19103F-16F7-4668-BE54-9A1E7A4F7556}") = "Inventory.Domain", "src\Inventory.Domain\Inventory.Domain.csproj", "{76CB4BDE-0819-43FD-9E3D-FA76E5BC721B}"
EndProject
Project("{2150E333-8FDC-42A3-9474-1A3956D46DE8}") = "Solution Items", "Solution Items", "{381BCCCA-C07C-4E76-B9F5-BF2BD677EE07}"
	ProjectSection(SolutionItems) = preProject
		.editorconfig = .editorconfig
		Directory.Packages.props = Directory.Packages.props
		Settings.XamlStyler = Settings.XamlStyler
	EndProjectSection
EndProject
Project("{2150E333-8FDC-42A3-9474-1A3956D46DE8}") = "tests", "tests", "{691ED16B-5CEA-4114-9DFA-9B1E37ED7B6E}"
EndProject
Project("{9A19103F-16F7-4668-BE54-9A1E7A4F7556}") = "Inventory.Application.UnitTests", "tests\Inventory.Application.UnitTests\Inventory.Application.UnitTests.csproj", "{5DA379D8-7997-4291-8F87-4D5365159B4F}"
EndProject
Project("{9A19103F-16F7-4668-BE54-9A1E7A4F7556}") = "Inventory.Domain.UnitTests", "tests\Inventory.Domain.UnitTests\Inventory.Domain.UnitTests.csproj", "{AEAF7D54-3BDA-46C9-B1F6-ABDC7D688504}"
EndProject
Project("{2150E333-8FDC-42A3-9474-1A3956D46DE8}") = "Persistence", "Persistence", "{F44BBF04-7308-45BF-8939-F783DE99DC60}"
EndProject
Project("{9A19103F-16F7-4668-BE54-9A1E7A4F7556}") = "Inventory.Persistence.Database", "src\Inventory.Persistence\Inventory.Persistence.Database\Inventory.Persistence.Database.csproj", "{8ED8D87F-D402-42D9-AA2F-8CA5F54544EA}"
EndProject
Global
	GlobalSection(SolutionConfigurationPlatforms) = preSolution
		Debug|Any CPU = Debug|Any CPU
		Debug|arm64 = Debug|arm64
		Debug|x64 = Debug|x64
		Debug|x86 = Debug|x86
		Release|Any CPU = Release|Any CPU
		Release|arm64 = Release|arm64
		Release|x64 = Release|x64
		Release|x86 = Release|x86
	EndGlobalSection
	GlobalSection(ProjectConfigurationPlatforms) = postSolution
		{FD671329-1CC5-4551-B71D-980A4C6D4DFD}.Debug|Any CPU.ActiveCfg = Debug|x64
		{FD671329-1CC5-4551-B71D-980A4C6D4DFD}.Debug|Any CPU.Build.0 = Debug|x64
		{FD671329-1CC5-4551-B71D-980A4C6D4DFD}.Debug|Any CPU.Deploy.0 = Debug|x64
		{FD671329-1CC5-4551-B71D-980A4C6D4DFD}.Debug|arm64.ActiveCfg = Debug|arm64
		{FD671329-1CC5-4551-B71D-980A4C6D4DFD}.Debug|arm64.Build.0 = Debug|arm64
		{FD671329-1CC5-4551-B71D-980A4C6D4DFD}.Debug|arm64.Deploy.0 = Debug|arm64
		{FD671329-1CC5-4551-B71D-980A4C6D4DFD}.Debug|x64.ActiveCfg = Debug|x64
		{FD671329-1CC5-4551-B71D-980A4C6D4DFD}.Debug|x64.Build.0 = Debug|x64
		{FD671329-1CC5-4551-B71D-980A4C6D4DFD}.Debug|x64.Deploy.0 = Debug|x64
		{FD671329-1CC5-4551-B71D-980A4C6D4DFD}.Debug|x86.ActiveCfg = Debug|x86
		{FD671329-1CC5-4551-B71D-980A4C6D4DFD}.Debug|x86.Build.0 = Debug|x86
		{FD671329-1CC5-4551-B71D-980A4C6D4DFD}.Release|Any CPU.ActiveCfg = Release|x64
		{FD671329-1CC5-4551-B71D-980A4C6D4DFD}.Release|Any CPU.Build.0 = Release|x64
		{FD671329-1CC5-4551-B71D-980A4C6D4DFD}.Release|Any CPU.Deploy.0 = Release|x64
		{FD671329-1CC5-4551-B71D-980A4C6D4DFD}.Release|arm64.ActiveCfg = Release|arm64
		{FD671329-1CC5-4551-B71D-980A4C6D4DFD}.Release|arm64.Build.0 = Release|arm64
		{FD671329-1CC5-4551-B71D-980A4C6D4DFD}.Release|arm64.Deploy.0 = Release|arm64
		{FD671329-1CC5-4551-B71D-980A4C6D4DFD}.Release|x64.ActiveCfg = Release|x64
		{FD671329-1CC5-4551-B71D-980A4C6D4DFD}.Release|x64.Build.0 = Release|x64
		{FD671329-1CC5-4551-B71D-980A4C6D4DFD}.Release|x64.Deploy.0 = Release|x64
		{FD671329-1CC5-4551-B71D-980A4C6D4DFD}.Release|x86.ActiveCfg = Release|x86
		{FD671329-1CC5-4551-B71D-980A4C6D4DFD}.Release|x86.Build.0 = Release|x86
		{FD671329-1CC5-4551-B71D-980A4C6D4DFD}.Release|x86.Deploy.0 = Release|x86
		{CE585B48-FD03-41FF-AEF7-9664BCFC0B20}.Debug|Any CPU.ActiveCfg = Debug|Any CPU
		{CE585B48-FD03-41FF-AEF7-9664BCFC0B20}.Debug|Any CPU.Build.0 = Debug|Any CPU
		{CE585B48-FD03-41FF-AEF7-9664BCFC0B20}.Debug|arm64.ActiveCfg = Debug|Any CPU
		{CE585B48-FD03-41FF-AEF7-9664BCFC0B20}.Debug|arm64.Build.0 = Debug|Any CPU
		{CE585B48-FD03-41FF-AEF7-9664BCFC0B20}.Debug|x64.ActiveCfg = Debug|Any CPU
		{CE585B48-FD03-41FF-AEF7-9664BCFC0B20}.Debug|x64.Build.0 = Debug|Any CPU
		{CE585B48-FD03-41FF-AEF7-9664BCFC0B20}.Debug|x86.ActiveCfg = Debug|Any CPU
		{CE585B48-FD03-41FF-AEF7-9664BCFC0B20}.Debug|x86.Build.0 = Debug|Any CPU
		{CE585B48-FD03-41FF-AEF7-9664BCFC0B20}.Release|Any CPU.ActiveCfg = Release|Any CPU
		{CE585B48-FD03-41FF-AEF7-9664BCFC0B20}.Release|Any CPU.Build.0 = Release|Any CPU
		{CE585B48-FD03-41FF-AEF7-9664BCFC0B20}.Release|arm64.ActiveCfg = Release|Any CPU
		{CE585B48-FD03-41FF-AEF7-9664BCFC0B20}.Release|arm64.Build.0 = Release|Any CPU
		{CE585B48-FD03-41FF-AEF7-9664BCFC0B20}.Release|x64.ActiveCfg = Release|Any CPU
		{CE585B48-FD03-41FF-AEF7-9664BCFC0B20}.Release|x64.Build.0 = Release|Any CPU
		{CE585B48-FD03-41FF-AEF7-9664BCFC0B20}.Release|x86.ActiveCfg = Release|Any CPU
		{CE585B48-FD03-41FF-AEF7-9664BCFC0B20}.Release|x86.Build.0 = Release|Any CPU
		{6FCA94C7-6535-4B5F-9F40-42EE44D71C93}.Debug|Any CPU.ActiveCfg = Debug|Any CPU
		{6FCA94C7-6535-4B5F-9F40-42EE44D71C93}.Debug|Any CPU.Build.0 = Debug|Any CPU
		{6FCA94C7-6535-4B5F-9F40-42EE44D71C93}.Debug|arm64.ActiveCfg = Debug|Any CPU
		{6FCA94C7-6535-4B5F-9F40-42EE44D71C93}.Debug|arm64.Build.0 = Debug|Any CPU
		{6FCA94C7-6535-4B5F-9F40-42EE44D71C93}.Debug|x64.ActiveCfg = Debug|Any CPU
		{6FCA94C7-6535-4B5F-9F40-42EE44D71C93}.Debug|x64.Build.0 = Debug|Any CPU
		{6FCA94C7-6535-4B5F-9F40-42EE44D71C93}.Debug|x86.ActiveCfg = Debug|Any CPU
		{6FCA94C7-6535-4B5F-9F40-42EE44D71C93}.Debug|x86.Build.0 = Debug|Any CPU
		{6FCA94C7-6535-4B5F-9F40-42EE44D71C93}.Release|Any CPU.ActiveCfg = Release|Any CPU
		{6FCA94C7-6535-4B5F-9F40-42EE44D71C93}.Release|Any CPU.Build.0 = Release|Any CPU
		{6FCA94C7-6535-4B5F-9F40-42EE44D71C93}.Release|arm64.ActiveCfg = Release|Any CPU
		{6FCA94C7-6535-4B5F-9F40-42EE44D71C93}.Release|arm64.Build.0 = Release|Any CPU
		{6FCA94C7-6535-4B5F-9F40-42EE44D71C93}.Release|x64.ActiveCfg = Release|Any CPU
		{6FCA94C7-6535-4B5F-9F40-42EE44D71C93}.Release|x64.Build.0 = Release|Any CPU
		{6FCA94C7-6535-4B5F-9F40-42EE44D71C93}.Release|x86.ActiveCfg = Release|Any CPU
		{6FCA94C7-6535-4B5F-9F40-42EE44D71C93}.Release|x86.Build.0 = Release|Any CPU
		{08F9223E-A962-4470-96F6-6618E311D628}.Debug|Any CPU.ActiveCfg = Debug|Any CPU
		{08F9223E-A962-4470-96F6-6618E311D628}.Debug|Any CPU.Build.0 = Debug|Any CPU
		{08F9223E-A962-4470-96F6-6618E311D628}.Debug|arm64.ActiveCfg = Debug|Any CPU
		{08F9223E-A962-4470-96F6-6618E311D628}.Debug|arm64.Build.0 = Debug|Any CPU
		{08F9223E-A962-4470-96F6-6618E311D628}.Debug|x64.ActiveCfg = Debug|Any CPU
		{08F9223E-A962-4470-96F6-6618E311D628}.Debug|x64.Build.0 = Debug|Any CPU
		{08F9223E-A962-4470-96F6-6618E311D628}.Debug|x86.ActiveCfg = Debug|Any CPU
		{08F9223E-A962-4470-96F6-6618E311D628}.Debug|x86.Build.0 = Debug|Any CPU
		{08F9223E-A962-4470-96F6-6618E311D628}.Release|Any CPU.ActiveCfg = Release|Any CPU
		{08F9223E-A962-4470-96F6-6618E311D628}.Release|Any CPU.Build.0 = Release|Any CPU
		{08F9223E-A962-4470-96F6-6618E311D628}.Release|arm64.ActiveCfg = Release|Any CPU
		{08F9223E-A962-4470-96F6-6618E311D628}.Release|arm64.Build.0 = Release|Any CPU
		{08F9223E-A962-4470-96F6-6618E311D628}.Release|x64.ActiveCfg = Release|Any CPU
		{08F9223E-A962-4470-96F6-6618E311D628}.Release|x64.Build.0 = Release|Any CPU
		{08F9223E-A962-4470-96F6-6618E311D628}.Release|x86.ActiveCfg = Release|Any CPU
		{08F9223E-A962-4470-96F6-6618E311D628}.Release|x86.Build.0 = Release|Any CPU
		{5D15FA1B-BE01-4E57-B38F-2DDB73C4D1E8}.Debug|Any CPU.ActiveCfg = Debug|Any CPU
		{5D15FA1B-BE01-4E57-B38F-2DDB73C4D1E8}.Debug|Any CPU.Build.0 = Debug|Any CPU
		{5D15FA1B-BE01-4E57-B38F-2DDB73C4D1E8}.Debug|arm64.ActiveCfg = Debug|Any CPU
		{5D15FA1B-BE01-4E57-B38F-2DDB73C4D1E8}.Debug|arm64.Build.0 = Debug|Any CPU
		{5D15FA1B-BE01-4E57-B38F-2DDB73C4D1E8}.Debug|x64.ActiveCfg = Debug|Any CPU
		{5D15FA1B-BE01-4E57-B38F-2DDB73C4D1E8}.Debug|x64.Build.0 = Debug|Any CPU
		{5D15FA1B-BE01-4E57-B38F-2DDB73C4D1E8}.Debug|x86.ActiveCfg = Debug|Any CPU
		{5D15FA1B-BE01-4E57-B38F-2DDB73C4D1E8}.Debug|x86.Build.0 = Debug|Any CPU
		{5D15FA1B-BE01-4E57-B38F-2DDB73C4D1E8}.Release|Any CPU.ActiveCfg = Release|Any CPU
		{5D15FA1B-BE01-4E57-B38F-2DDB73C4D1E8}.Release|Any CPU.Build.0 = Release|Any CPU
		{5D15FA1B-BE01-4E57-B38F-2DDB73C4D1E8}.Release|arm64.ActiveCfg = Release|Any CPU
		{5D15FA1B-BE01-4E57-B38F-2DDB73C4D1E8}.Release|arm64.Build.0 = Release|Any CPU
		{5D15FA1B-BE01-4E57-B38F-2DDB73C4D1E8}.Release|x64.ActiveCfg = Release|Any CPU
		{5D15FA1B-BE01-4E57-B38F-2DDB73C4D1E8}.Release|x64.Build.0 = Release|Any CPU
		{5D15FA1B-BE01-4E57-B38F-2DDB73C4D1E8}.Release|x86.ActiveCfg = Release|Any CPU
		{5D15FA1B-BE01-4E57-B38F-2DDB73C4D1E8}.Release|x86.Build.0 = Release|Any CPU
		{B2E8FB46-7AD0-4803-B307-E0F278EAD9E4}.Debug|Any CPU.ActiveCfg = Debug|Any CPU
		{B2E8FB46-7AD0-4803-B307-E0F278EAD9E4}.Debug|Any CPU.Build.0 = Debug|Any CPU
		{B2E8FB46-7AD0-4803-B307-E0F278EAD9E4}.Debug|arm64.ActiveCfg = Debug|Any CPU
		{B2E8FB46-7AD0-4803-B307-E0F278EAD9E4}.Debug|arm64.Build.0 = Debug|Any CPU
		{B2E8FB46-7AD0-4803-B307-E0F278EAD9E4}.Debug|x64.ActiveCfg = Debug|Any CPU
		{B2E8FB46-7AD0-4803-B307-E0F278EAD9E4}.Debug|x64.Build.0 = Debug|Any CPU
		{B2E8FB46-7AD0-4803-B307-E0F278EAD9E4}.Debug|x86.ActiveCfg = Debug|Any CPU
		{B2E8FB46-7AD0-4803-B307-E0F278EAD9E4}.Debug|x86.Build.0 = Debug|Any CPU
		{B2E8FB46-7AD0-4803-B307-E0F278EAD9E4}.Release|Any CPU.ActiveCfg = Release|Any CPU
		{B2E8FB46-7AD0-4803-B307-E0F278EAD9E4}.Release|Any CPU.Build.0 = Release|Any CPU
		{B2E8FB46-7AD0-4803-B307-E0F278EAD9E4}.Release|arm64.ActiveCfg = Release|Any CPU
		{B2E8FB46-7AD0-4803-B307-E0F278EAD9E4}.Release|arm64.Build.0 = Release|Any CPU
		{B2E8FB46-7AD0-4803-B307-E0F278EAD9E4}.Release|x64.ActiveCfg = Release|Any CPU
		{B2E8FB46-7AD0-4803-B307-E0F278EAD9E4}.Release|x64.Build.0 = Release|Any CPU
		{B2E8FB46-7AD0-4803-B307-E0F278EAD9E4}.Release|x86.ActiveCfg = Release|Any CPU
		{B2E8FB46-7AD0-4803-B307-E0F278EAD9E4}.Release|x86.Build.0 = Release|Any CPU
		{76CB4BDE-0819-43FD-9E3D-FA76E5BC721B}.Debug|Any CPU.ActiveCfg = Debug|Any CPU
		{76CB4BDE-0819-43FD-9E3D-FA76E5BC721B}.Debug|Any CPU.Build.0 = Debug|Any CPU
		{76CB4BDE-0819-43FD-9E3D-FA76E5BC721B}.Debug|arm64.ActiveCfg = Debug|Any CPU
		{76CB4BDE-0819-43FD-9E3D-FA76E5BC721B}.Debug|arm64.Build.0 = Debug|Any CPU
		{76CB4BDE-0819-43FD-9E3D-FA76E5BC721B}.Debug|x64.ActiveCfg = Debug|Any CPU
		{76CB4BDE-0819-43FD-9E3D-FA76E5BC721B}.Debug|x64.Build.0 = Debug|Any CPU
		{76CB4BDE-0819-43FD-9E3D-FA76E5BC721B}.Debug|x86.ActiveCfg = Debug|Any CPU
		{76CB4BDE-0819-43FD-9E3D-FA76E5BC721B}.Debug|x86.Build.0 = Debug|Any CPU
		{76CB4BDE-0819-43FD-9E3D-FA76E5BC721B}.Release|Any CPU.ActiveCfg = Release|Any CPU
		{76CB4BDE-0819-43FD-9E3D-FA76E5BC721B}.Release|Any CPU.Build.0 = Release|Any CPU
		{76CB4BDE-0819-43FD-9E3D-FA76E5BC721B}.Release|arm64.ActiveCfg = Release|Any CPU
		{76CB4BDE-0819-43FD-9E3D-FA76E5BC721B}.Release|arm64.Build.0 = Release|Any CPU
		{76CB4BDE-0819-43FD-9E3D-FA76E5BC721B}.Release|x64.ActiveCfg = Release|Any CPU
		{76CB4BDE-0819-43FD-9E3D-FA76E5BC721B}.Release|x64.Build.0 = Release|Any CPU
		{76CB4BDE-0819-43FD-9E3D-FA76E5BC721B}.Release|x86.ActiveCfg = Release|Any CPU
		{76CB4BDE-0819-43FD-9E3D-FA76E5BC721B}.Release|x86.Build.0 = Release|Any CPU
		{5DA379D8-7997-4291-8F87-4D5365159B4F}.Debug|Any CPU.ActiveCfg = Debug|Any CPU
		{5DA379D8-7997-4291-8F87-4D5365159B4F}.Debug|Any CPU.Build.0 = Debug|Any CPU
		{5DA379D8-7997-4291-8F87-4D5365159B4F}.Debug|arm64.ActiveCfg = Debug|Any CPU
		{5DA379D8-7997-4291-8F87-4D5365159B4F}.Debug|arm64.Build.0 = Debug|Any CPU
		{5DA379D8-7997-4291-8F87-4D5365159B4F}.Debug|x64.ActiveCfg = Debug|Any CPU
		{5DA379D8-7997-4291-8F87-4D5365159B4F}.Debug|x64.Build.0 = Debug|Any CPU
		{5DA379D8-7997-4291-8F87-4D5365159B4F}.Debug|x86.ActiveCfg = Debug|Any CPU
		{5DA379D8-7997-4291-8F87-4D5365159B4F}.Debug|x86.Build.0 = Debug|Any CPU
		{5DA379D8-7997-4291-8F87-4D5365159B4F}.Release|Any CPU.ActiveCfg = Release|Any CPU
		{5DA379D8-7997-4291-8F87-4D5365159B4F}.Release|Any CPU.Build.0 = Release|Any CPU
		{5DA379D8-7997-4291-8F87-4D5365159B4F}.Release|arm64.ActiveCfg = Release|Any CPU
		{5DA379D8-7997-4291-8F87-4D5365159B4F}.Release|arm64.Build.0 = Release|Any CPU
		{5DA379D8-7997-4291-8F87-4D5365159B4F}.Release|x64.ActiveCfg = Release|Any CPU
		{5DA379D8-7997-4291-8F87-4D5365159B4F}.Release|x64.Build.0 = Release|Any CPU
		{5DA379D8-7997-4291-8F87-4D5365159B4F}.Release|x86.ActiveCfg = Release|Any CPU
		{5DA379D8-7997-4291-8F87-4D5365159B4F}.Release|x86.Build.0 = Release|Any CPU
		{AEAF7D54-3BDA-46C9-B1F6-ABDC7D688504}.Debug|Any CPU.ActiveCfg = Debug|Any CPU
		{AEAF7D54-3BDA-46C9-B1F6-ABDC7D688504}.Debug|Any CPU.Build.0 = Debug|Any CPU
		{AEAF7D54-3BDA-46C9-B1F6-ABDC7D688504}.Debug|arm64.ActiveCfg = Debug|Any CPU
		{AEAF7D54-3BDA-46C9-B1F6-ABDC7D688504}.Debug|arm64.Build.0 = Debug|Any CPU
		{AEAF7D54-3BDA-46C9-B1F6-ABDC7D688504}.Debug|x64.ActiveCfg = Debug|Any CPU
		{AEAF7D54-3BDA-46C9-B1F6-ABDC7D688504}.Debug|x64.Build.0 = Debug|Any CPU
		{AEAF7D54-3BDA-46C9-B1F6-ABDC7D688504}.Debug|x86.ActiveCfg = Debug|Any CPU
		{AEAF7D54-3BDA-46C9-B1F6-ABDC7D688504}.Debug|x86.Build.0 = Debug|Any CPU
		{AEAF7D54-3BDA-46C9-B1F6-ABDC7D688504}.Release|Any CPU.ActiveCfg = Release|Any CPU
		{AEAF7D54-3BDA-46C9-B1F6-ABDC7D688504}.Release|Any CPU.Build.0 = Release|Any CPU
		{AEAF7D54-3BDA-46C9-B1F6-ABDC7D688504}.Release|arm64.ActiveCfg = Release|Any CPU
		{AEAF7D54-3BDA-46C9-B1F6-ABDC7D688504}.Release|arm64.Build.0 = Release|Any CPU
		{AEAF7D54-3BDA-46C9-B1F6-ABDC7D688504}.Release|x64.ActiveCfg = Release|Any CPU
		{AEAF7D54-3BDA-46C9-B1F6-ABDC7D688504}.Release|x64.Build.0 = Release|Any CPU
		{AEAF7D54-3BDA-46C9-B1F6-ABDC7D688504}.Release|x86.ActiveCfg = Release|Any CPU
		{AEAF7D54-3BDA-46C9-B1F6-ABDC7D688504}.Release|x86.Build.0 = Release|Any CPU
		{8ED8D87F-D402-42D9-AA2F-8CA5F54544EA}.Debug|Any CPU.ActiveCfg = Debug|Any CPU
		{8ED8D87F-D402-42D9-AA2F-8CA5F54544EA}.Debug|Any CPU.Build.0 = Debug|Any CPU
		{8ED8D87F-D402-42D9-AA2F-8CA5F54544EA}.Debug|arm64.ActiveCfg = Debug|Any CPU
		{8ED8D87F-D402-42D9-AA2F-8CA5F54544EA}.Debug|arm64.Build.0 = Debug|Any CPU
		{8ED8D87F-D402-42D9-AA2F-8CA5F54544EA}.Debug|x64.ActiveCfg = Debug|Any CPU
		{8ED8D87F-D402-42D9-AA2F-8CA5F54544EA}.Debug|x64.Build.0 = Debug|Any CPU
		{8ED8D87F-D402-42D9-AA2F-8CA5F54544EA}.Debug|x86.ActiveCfg = Debug|Any CPU
		{8ED8D87F-D402-42D9-AA2F-8CA5F54544EA}.Debug|x86.Build.0 = Debug|Any CPU
		{8ED8D87F-D402-42D9-AA2F-8CA5F54544EA}.Release|Any CPU.ActiveCfg = Release|Any CPU
		{8ED8D87F-D402-42D9-AA2F-8CA5F54544EA}.Release|Any CPU.Build.0 = Release|Any CPU
		{8ED8D87F-D402-42D9-AA2F-8CA5F54544EA}.Release|arm64.ActiveCfg = Release|Any CPU
		{8ED8D87F-D402-42D9-AA2F-8CA5F54544EA}.Release|arm64.Build.0 = Release|Any CPU
		{8ED8D87F-D402-42D9-AA2F-8CA5F54544EA}.Release|x64.ActiveCfg = Release|Any CPU
		{8ED8D87F-D402-42D9-AA2F-8CA5F54544EA}.Release|x64.Build.0 = Release|Any CPU
		{8ED8D87F-D402-42D9-AA2F-8CA5F54544EA}.Release|x86.ActiveCfg = Release|Any CPU
		{8ED8D87F-D402-42D9-AA2F-8CA5F54544EA}.Release|x86.Build.0 = Release|Any CPU
	EndGlobalSection
	GlobalSection(SolutionProperties) = preSolution
		HideSolutionNode = FALSE
	EndGlobalSection
	GlobalSection(NestedProjects) = preSolution
		{FD671329-1CC5-4551-B71D-980A4C6D4DFD} = {2538699A-4E3E-45D8-A89D-B1FCF077B9BD}
		{CE585B48-FD03-41FF-AEF7-9664BCFC0B20} = {2538699A-4E3E-45D8-A89D-B1FCF077B9BD}
		{6FCA94C7-6535-4B5F-9F40-42EE44D71C93} = {2538699A-4E3E-45D8-A89D-B1FCF077B9BD}
		{DDC8A81B-DF7D-44E7-8954-40C279E6B600} = {2538699A-4E3E-45D8-A89D-B1FCF077B9BD}
		{08F9223E-A962-4470-96F6-6618E311D628} = {DDC8A81B-DF7D-44E7-8954-40C279E6B600}
		{5D15FA1B-BE01-4E57-B38F-2DDB73C4D1E8} = {DDC8A81B-DF7D-44E7-8954-40C279E6B600}
		{B2E8FB46-7AD0-4803-B307-E0F278EAD9E4} = {DDC8A81B-DF7D-44E7-8954-40C279E6B600}
		{76CB4BDE-0819-43FD-9E3D-FA76E5BC721B} = {2538699A-4E3E-45D8-A89D-B1FCF077B9BD}
		{5DA379D8-7997-4291-8F87-4D5365159B4F} = {691ED16B-5CEA-4114-9DFA-9B1E37ED7B6E}
		{AEAF7D54-3BDA-46C9-B1F6-ABDC7D688504} = {691ED16B-5CEA-4114-9DFA-9B1E37ED7B6E}
		{F44BBF04-7308-45BF-8939-F783DE99DC60} = {2538699A-4E3E-45D8-A89D-B1FCF077B9BD}
		{8ED8D87F-D402-42D9-AA2F-8CA5F54544EA} = {F44BBF04-7308-45BF-8939-F783DE99DC60}
	EndGlobalSection
	GlobalSection(ExtensibilityGlobals) = postSolution
		SolutionGuid = {A8031124-24DB-4B63-AA5B-5825DE977E4B}
	EndGlobalSection
EndGlobal
