
Microsoft Visual Studio Solution File, Format Version 12.00
# Visual Studio Version 17
VisualStudioVersion = 17.1.32113.165
MinimumVisualStudioVersion = 10.0.40219.1
Project("{2150E333-8FDC-42A3-9474-1A3956D46DE8}") = "Solution Items", "Solution Items", "{BB6F956F-21B2-492E-93B2-63A41DACA411}"
	ProjectSection(SolutionItems) = preProject
		.editorconfig = .editorconfig
	EndProjectSection
EndProject
Project("{2150E333-8FDC-42A3-9474-1A3956D46DE8}") = "src", "src", "{57174B20-5FD5-419E-A1DC-21E286478DAC}"
EndProject
Project("{9A19103F-16F7-4668-BE54-9A1E7A4F7556}") = "Inventory", "src\Inventory\Inventory.csproj", "{E19BB43C-954A-422D-B25C-3558680BBAF7}"
EndProject
Project("{2150E333-8FDC-42A3-9474-1A3956D46DE8}") = "BuildingBlocks", "BuildingBlocks", "{BB07F830-610C-4FEF-918B-831985EF76A3}"
EndProject
Project("{2150E333-8FDC-42A3-9474-1A3956D46DE8}") = "Persistence", "Persistence", "{1A8350DF-2A13-4409-9523-6B021409BC8A}"
EndProject
Project("{FAE04EC0-301F-11D3-BF4B-00C04F79EFBC}") = "BuildingBlocks.Domain", "src\BuildingBlocks\BuildingBlocks.Domain\BuildingBlocks.Domain.csproj", "{7B803910-2406-4FA6-A130-6C9A1A7DB8AA}"
EndProject
Project("{FAE04EC0-301F-11D3-BF4B-00C04F79EFBC}") = "BuildingBlocks.Application", "src\BuildingBlocks\BuildingBlocks.Application\BuildingBlocks.Application.csproj", "{3A6F2E10-84FC-4367-8748-9BE7F2CF605E}"
EndProject
Project("{FAE04EC0-301F-11D3-BF4B-00C04F79EFBC}") = "Inventory.Domain", "src\Inventory.Domain\Inventory.Domain.csproj", "{83C94D32-00AC-4178-8620-B09857668B66}"
EndProject
Project("{FAE04EC0-301F-11D3-BF4B-00C04F79EFBC}") = "Inventory.Database", "src\Persistence\Inventory.Database\Inventory.Database.csproj", "{C6A467AE-00D7-48B0-B3F0-3FA7AA608457}"
EndProject
Project("{9A19103F-16F7-4668-BE54-9A1E7A4F7556}") = "Inventory.Application", "src\Inventory.Application\Inventory.Application.csproj", "{BF21B3F7-A768-43BC-A24E-F89EC6AB19D3}"
EndProject
Project("{9A19103F-16F7-4668-BE54-9A1E7A4F7556}") = "Inventory.Infrastructure", "src\Inventory.Infrastructure\Inventory.Infrastructure.csproj", "{3CC95852-EECC-4699-8126-2B47061F60D4}"
EndProject
Project("{9A19103F-16F7-4668-BE54-9A1E7A4F7556}") = "Inventory.Presentation", "src\Inventory.Presentation\Inventory.Presentation.csproj", "{741D0F99-0066-4727-A654-E11AC5CEC1A6}"
EndProject
Global
	GlobalSection(SolutionConfigurationPlatforms) = preSolution
		Debug|Any CPU = Debug|Any CPU
		Debug|arm64 = Debug|arm64
		Debug|x64 = Debug|x64
		Debug|x86 = Debug|x86
		Release|Any CPU = Release|Any CPU
		Release|arm64 = Release|arm64
		Release|x64 = Release|x64
		Release|x86 = Release|x86
	EndGlobalSection
	GlobalSection(ProjectConfigurationPlatforms) = postSolution
		{E19BB43C-954A-422D-B25C-3558680BBAF7}.Debug|Any CPU.ActiveCfg = Debug|x64
		{E19BB43C-954A-422D-B25C-3558680BBAF7}.Debug|Any CPU.Build.0 = Debug|x64
		{E19BB43C-954A-422D-B25C-3558680BBAF7}.Debug|Any CPU.Deploy.0 = Debug|x64
		{E19BB43C-954A-422D-B25C-3558680BBAF7}.Debug|arm64.ActiveCfg = Debug|arm64
		{E19BB43C-954A-422D-B25C-3558680BBAF7}.Debug|arm64.Build.0 = Debug|arm64
		{E19BB43C-954A-422D-B25C-3558680BBAF7}.Debug|arm64.Deploy.0 = Debug|arm64
		{E19BB43C-954A-422D-B25C-3558680BBAF7}.Debug|x64.ActiveCfg = Debug|x64
		{E19BB43C-954A-422D-B25C-3558680BBAF7}.Debug|x64.Build.0 = Debug|x64
		{E19BB43C-954A-422D-B25C-3558680BBAF7}.Debug|x64.Deploy.0 = Debug|x64
		{E19BB43C-954A-422D-B25C-3558680BBAF7}.Debug|x86.ActiveCfg = Debug|x86
		{E19BB43C-954A-422D-B25C-3558680BBAF7}.Debug|x86.Build.0 = Debug|x86
		{E19BB43C-954A-422D-B25C-3558680BBAF7}.Debug|x86.Deploy.0 = Debug|x86
		{E19BB43C-954A-422D-B25C-3558680BBAF7}.Release|Any CPU.ActiveCfg = Release|x64
		{E19BB43C-954A-422D-B25C-3558680BBAF7}.Release|Any CPU.Build.0 = Release|x64
		{E19BB43C-954A-422D-B25C-3558680BBAF7}.Release|Any CPU.Deploy.0 = Release|x64
		{E19BB43C-954A-422D-B25C-3558680BBAF7}.Release|arm64.ActiveCfg = Release|arm64
		{E19BB43C-954A-422D-B25C-3558680BBAF7}.Release|arm64.Build.0 = Release|arm64
		{E19BB43C-954A-422D-B25C-3558680BBAF7}.Release|arm64.Deploy.0 = Release|arm64
		{E19BB43C-954A-422D-B25C-3558680BBAF7}.Release|x64.ActiveCfg = Release|x64
		{E19BB43C-954A-422D-B25C-3558680BBAF7}.Release|x64.Build.0 = Release|x64
		{E19BB43C-954A-422D-B25C-3558680BBAF7}.Release|x64.Deploy.0 = Release|x64
		{E19BB43C-954A-422D-B25C-3558680BBAF7}.Release|x86.ActiveCfg = Release|x86
		{E19BB43C-954A-422D-B25C-3558680BBAF7}.Release|x86.Build.0 = Release|x86
		{E19BB43C-954A-422D-B25C-3558680BBAF7}.Release|x86.Deploy.0 = Release|x86
		{7B803910-2406-4FA6-A130-6C9A1A7DB8AA}.Debug|Any CPU.ActiveCfg = Debug|Any CPU
		{7B803910-2406-4FA6-A130-6C9A1A7DB8AA}.Debug|Any CPU.Build.0 = Debug|Any CPU
		{7B803910-2406-4FA6-A130-6C9A1A7DB8AA}.Debug|arm64.ActiveCfg = Debug|Any CPU
		{7B803910-2406-4FA6-A130-6C9A1A7DB8AA}.Debug|arm64.Build.0 = Debug|Any CPU
		{7B803910-2406-4FA6-A130-6C9A1A7DB8AA}.Debug|x64.ActiveCfg = Debug|Any CPU
		{7B803910-2406-4FA6-A130-6C9A1A7DB8AA}.Debug|x64.Build.0 = Debug|Any CPU
		{7B803910-2406-4FA6-A130-6C9A1A7DB8AA}.Debug|x86.ActiveCfg = Debug|Any CPU
		{7B803910-2406-4FA6-A130-6C9A1A7DB8AA}.Debug|x86.Build.0 = Debug|Any CPU
		{7B803910-2406-4FA6-A130-6C9A1A7DB8AA}.Release|Any CPU.ActiveCfg = Release|Any CPU
		{7B803910-2406-4FA6-A130-6C9A1A7DB8AA}.Release|Any CPU.Build.0 = Release|Any CPU
		{7B803910-2406-4FA6-A130-6C9A1A7DB8AA}.Release|arm64.ActiveCfg = Release|Any CPU
		{7B803910-2406-4FA6-A130-6C9A1A7DB8AA}.Release|arm64.Build.0 = Release|Any CPU
		{7B803910-2406-4FA6-A130-6C9A1A7DB8AA}.Release|x64.ActiveCfg = Release|Any CPU
		{7B803910-2406-4FA6-A130-6C9A1A7DB8AA}.Release|x64.Build.0 = Release|Any CPU
		{7B803910-2406-4FA6-A130-6C9A1A7DB8AA}.Release|x86.ActiveCfg = Release|Any CPU
		{7B803910-2406-4FA6-A130-6C9A1A7DB8AA}.Release|x86.Build.0 = Release|Any CPU
		{3A6F2E10-84FC-4367-8748-9BE7F2CF605E}.Debug|Any CPU.ActiveCfg = Debug|Any CPU
		{3A6F2E10-84FC-4367-8748-9BE7F2CF605E}.Debug|Any CPU.Build.0 = Debug|Any CPU
		{3A6F2E10-84FC-4367-8748-9BE7F2CF605E}.Debug|arm64.ActiveCfg = Debug|Any CPU
		{3A6F2E10-84FC-4367-8748-9BE7F2CF605E}.Debug|arm64.Build.0 = Debug|Any CPU
		{3A6F2E10-84FC-4367-8748-9BE7F2CF605E}.Debug|x64.ActiveCfg = Debug|Any CPU
		{3A6F2E10-84FC-4367-8748-9BE7F2CF605E}.Debug|x64.Build.0 = Debug|Any CPU
		{3A6F2E10-84FC-4367-8748-9BE7F2CF605E}.Debug|x86.ActiveCfg = Debug|Any CPU
		{3A6F2E10-84FC-4367-8748-9BE7F2CF605E}.Debug|x86.Build.0 = Debug|Any CPU
		{3A6F2E10-84FC-4367-8748-9BE7F2CF605E}.Release|Any CPU.ActiveCfg = Release|Any CPU
		{3A6F2E10-84FC-4367-8748-9BE7F2CF605E}.Release|Any CPU.Build.0 = Release|Any CPU
		{3A6F2E10-84FC-4367-8748-9BE7F2CF605E}.Release|arm64.ActiveCfg = Release|Any CPU
		{3A6F2E10-84FC-4367-8748-9BE7F2CF605E}.Release|arm64.Build.0 = Release|Any CPU
		{3A6F2E10-84FC-4367-8748-9BE7F2CF605E}.Release|x64.ActiveCfg = Release|Any CPU
		{3A6F2E10-84FC-4367-8748-9BE7F2CF605E}.Release|x64.Build.0 = Release|Any CPU
		{3A6F2E10-84FC-4367-8748-9BE7F2CF605E}.Release|x86.ActiveCfg = Release|Any CPU
		{3A6F2E10-84FC-4367-8748-9BE7F2CF605E}.Release|x86.Build.0 = Release|Any CPU
		{83C94D32-00AC-4178-8620-B09857668B66}.Debug|Any CPU.ActiveCfg = Debug|Any CPU
		{83C94D32-00AC-4178-8620-B09857668B66}.Debug|Any CPU.Build.0 = Debug|Any CPU
		{83C94D32-00AC-4178-8620-B09857668B66}.Debug|arm64.ActiveCfg = Debug|Any CPU
		{83C94D32-00AC-4178-8620-B09857668B66}.Debug|arm64.Build.0 = Debug|Any CPU
		{83C94D32-00AC-4178-8620-B09857668B66}.Debug|x64.ActiveCfg = Debug|Any CPU
		{83C94D32-00AC-4178-8620-B09857668B66}.Debug|x64.Build.0 = Debug|Any CPU
		{83C94D32-00AC-4178-8620-B09857668B66}.Debug|x86.ActiveCfg = Debug|Any CPU
		{83C94D32-00AC-4178-8620-B09857668B66}.Debug|x86.Build.0 = Debug|Any CPU
		{83C94D32-00AC-4178-8620-B09857668B66}.Release|Any CPU.ActiveCfg = Release|Any CPU
		{83C94D32-00AC-4178-8620-B09857668B66}.Release|Any CPU.Build.0 = Release|Any CPU
		{83C94D32-00AC-4178-8620-B09857668B66}.Release|arm64.ActiveCfg = Release|Any CPU
		{83C94D32-00AC-4178-8620-B09857668B66}.Release|arm64.Build.0 = Release|Any CPU
		{83C94D32-00AC-4178-8620-B09857668B66}.Release|x64.ActiveCfg = Release|Any CPU
		{83C94D32-00AC-4178-8620-B09857668B66}.Release|x64.Build.0 = Release|Any CPU
		{83C94D32-00AC-4178-8620-B09857668B66}.Release|x86.ActiveCfg = Release|Any CPU
		{83C94D32-00AC-4178-8620-B09857668B66}.Release|x86.Build.0 = Release|Any CPU
		{C6A467AE-00D7-48B0-B3F0-3FA7AA608457}.Debug|Any CPU.ActiveCfg = Debug|Any CPU
		{C6A467AE-00D7-48B0-B3F0-3FA7AA608457}.Debug|Any CPU.Build.0 = Debug|Any CPU
		{C6A467AE-00D7-48B0-B3F0-3FA7AA608457}.Debug|arm64.ActiveCfg = Debug|Any CPU
		{C6A467AE-00D7-48B0-B3F0-3FA7AA608457}.Debug|arm64.Build.0 = Debug|Any CPU
		{C6A467AE-00D7-48B0-B3F0-3FA7AA608457}.Debug|x64.ActiveCfg = Debug|Any CPU
		{C6A467AE-00D7-48B0-B3F0-3FA7AA608457}.Debug|x64.Build.0 = Debug|Any CPU
		{C6A467AE-00D7-48B0-B3F0-3FA7AA608457}.Debug|x86.ActiveCfg = Debug|Any CPU
		{C6A467AE-00D7-48B0-B3F0-3FA7AA608457}.Debug|x86.Build.0 = Debug|Any CPU
		{C6A467AE-00D7-48B0-B3F0-3FA7AA608457}.Release|Any CPU.ActiveCfg = Release|Any CPU
		{C6A467AE-00D7-48B0-B3F0-3FA7AA608457}.Release|Any CPU.Build.0 = Release|Any CPU
		{C6A467AE-00D7-48B0-B3F0-3FA7AA608457}.Release|arm64.ActiveCfg = Release|Any CPU
		{C6A467AE-00D7-48B0-B3F0-3FA7AA608457}.Release|arm64.Build.0 = Release|Any CPU
		{C6A467AE-00D7-48B0-B3F0-3FA7AA608457}.Release|x64.ActiveCfg = Release|Any CPU
		{C6A467AE-00D7-48B0-B3F0-3FA7AA608457}.Release|x64.Build.0 = Release|Any CPU
		{C6A467AE-00D7-48B0-B3F0-3FA7AA608457}.Release|x86.ActiveCfg = Release|Any CPU
		{C6A467AE-00D7-48B0-B3F0-3FA7AA608457}.Release|x86.Build.0 = Release|Any CPU
		{BF21B3F7-A768-43BC-A24E-F89EC6AB19D3}.Debug|Any CPU.ActiveCfg = Debug|Any CPU
		{BF21B3F7-A768-43BC-A24E-F89EC6AB19D3}.Debug|Any CPU.Build.0 = Debug|Any CPU
		{BF21B3F7-A768-43BC-A24E-F89EC6AB19D3}.Debug|arm64.ActiveCfg = Debug|Any CPU
		{BF21B3F7-A768-43BC-A24E-F89EC6AB19D3}.Debug|arm64.Build.0 = Debug|Any CPU
		{BF21B3F7-A768-43BC-A24E-F89EC6AB19D3}.Debug|x64.ActiveCfg = Debug|Any CPU
		{BF21B3F7-A768-43BC-A24E-F89EC6AB19D3}.Debug|x64.Build.0 = Debug|Any CPU
		{BF21B3F7-A768-43BC-A24E-F89EC6AB19D3}.Debug|x86.ActiveCfg = Debug|Any CPU
		{BF21B3F7-A768-43BC-A24E-F89EC6AB19D3}.Debug|x86.Build.0 = Debug|Any CPU
		{BF21B3F7-A768-43BC-A24E-F89EC6AB19D3}.Release|Any CPU.ActiveCfg = Release|Any CPU
		{BF21B3F7-A768-43BC-A24E-F89EC6AB19D3}.Release|Any CPU.Build.0 = Release|Any CPU
		{BF21B3F7-A768-43BC-A24E-F89EC6AB19D3}.Release|arm64.ActiveCfg = Release|Any CPU
		{BF21B3F7-A768-43BC-A24E-F89EC6AB19D3}.Release|arm64.Build.0 = Release|Any CPU
		{BF21B3F7-A768-43BC-A24E-F89EC6AB19D3}.Release|x64.ActiveCfg = Release|Any CPU
		{BF21B3F7-A768-43BC-A24E-F89EC6AB19D3}.Release|x64.Build.0 = Release|Any CPU
		{BF21B3F7-A768-43BC-A24E-F89EC6AB19D3}.Release|x86.ActiveCfg = Release|Any CPU
		{BF21B3F7-A768-43BC-A24E-F89EC6AB19D3}.Release|x86.Build.0 = Release|Any CPU
		{3CC95852-EECC-4699-8126-2B47061F60D4}.Debug|Any CPU.ActiveCfg = Debug|Any CPU
		{3CC95852-EECC-4699-8126-2B47061F60D4}.Debug|Any CPU.Build.0 = Debug|Any CPU
		{3CC95852-EECC-4699-8126-2B47061F60D4}.Debug|arm64.ActiveCfg = Debug|Any CPU
		{3CC95852-EECC-4699-8126-2B47061F60D4}.Debug|arm64.Build.0 = Debug|Any CPU
		{3CC95852-EECC-4699-8126-2B47061F60D4}.Debug|x64.ActiveCfg = Debug|Any CPU
		{3CC95852-EECC-4699-8126-2B47061F60D4}.Debug|x64.Build.0 = Debug|Any CPU
		{3CC95852-EECC-4699-8126-2B47061F60D4}.Debug|x86.ActiveCfg = Debug|Any CPU
		{3CC95852-EECC-4699-8126-2B47061F60D4}.Debug|x86.Build.0 = Debug|Any CPU
		{3CC95852-EECC-4699-8126-2B47061F60D4}.Release|Any CPU.ActiveCfg = Release|Any CPU
		{3CC95852-EECC-4699-8126-2B47061F60D4}.Release|Any CPU.Build.0 = Release|Any CPU
		{3CC95852-EECC-4699-8126-2B47061F60D4}.Release|arm64.ActiveCfg = Release|Any CPU
		{3CC95852-EECC-4699-8126-2B47061F60D4}.Release|arm64.Build.0 = Release|Any CPU
		{3CC95852-EECC-4699-8126-2B47061F60D4}.Release|x64.ActiveCfg = Release|Any CPU
		{3CC95852-EECC-4699-8126-2B47061F60D4}.Release|x64.Build.0 = Release|Any CPU
		{3CC95852-EECC-4699-8126-2B47061F60D4}.Release|x86.ActiveCfg = Release|Any CPU
		{3CC95852-EECC-4699-8126-2B47061F60D4}.Release|x86.Build.0 = Release|Any CPU
		{741D0F99-0066-4727-A654-E11AC5CEC1A6}.Debug|Any CPU.ActiveCfg = Debug|Any CPU
		{741D0F99-0066-4727-A654-E11AC5CEC1A6}.Debug|Any CPU.Build.0 = Debug|Any CPU
		{741D0F99-0066-4727-A654-E11AC5CEC1A6}.Debug|arm64.ActiveCfg = Debug|Any CPU
		{741D0F99-0066-4727-A654-E11AC5CEC1A6}.Debug|arm64.Build.0 = Debug|Any CPU
		{741D0F99-0066-4727-A654-E11AC5CEC1A6}.Debug|x64.ActiveCfg = Debug|Any CPU
		{741D0F99-0066-4727-A654-E11AC5CEC1A6}.Debug|x64.Build.0 = Debug|Any CPU
		{741D0F99-0066-4727-A654-E11AC5CEC1A6}.Debug|x86.ActiveCfg = Debug|Any CPU
		{741D0F99-0066-4727-A654-E11AC5CEC1A6}.Debug|x86.Build.0 = Debug|Any CPU
		{741D0F99-0066-4727-A654-E11AC5CEC1A6}.Release|Any CPU.ActiveCfg = Release|Any CPU
		{741D0F99-0066-4727-A654-E11AC5CEC1A6}.Release|Any CPU.Build.0 = Release|Any CPU
		{741D0F99-0066-4727-A654-E11AC5CEC1A6}.Release|arm64.ActiveCfg = Release|Any CPU
		{741D0F99-0066-4727-A654-E11AC5CEC1A6}.Release|arm64.Build.0 = Release|Any CPU
		{741D0F99-0066-4727-A654-E11AC5CEC1A6}.Release|x64.ActiveCfg = Release|Any CPU
		{741D0F99-0066-4727-A654-E11AC5CEC1A6}.Release|x64.Build.0 = Release|Any CPU
		{741D0F99-0066-4727-A654-E11AC5CEC1A6}.Release|x86.ActiveCfg = Release|Any CPU
		{741D0F99-0066-4727-A654-E11AC5CEC1A6}.Release|x86.Build.0 = Release|Any CPU
	EndGlobalSection
	GlobalSection(SolutionProperties) = preSolution
		HideSolutionNode = FALSE
	EndGlobalSection
	GlobalSection(NestedProjects) = preSolution
		{E19BB43C-954A-422D-B25C-3558680BBAF7} = {57174B20-5FD5-419E-A1DC-21E286478DAC}
		{BB07F830-610C-4FEF-918B-831985EF76A3} = {57174B20-5FD5-419E-A1DC-21E286478DAC}
		{1A8350DF-2A13-4409-9523-6B021409BC8A} = {57174B20-5FD5-419E-A1DC-21E286478DAC}
		{7B803910-2406-4FA6-A130-6C9A1A7DB8AA} = {BB07F830-610C-4FEF-918B-831985EF76A3}
		{3A6F2E10-84FC-4367-8748-9BE7F2CF605E} = {BB07F830-610C-4FEF-918B-831985EF76A3}
		{83C94D32-00AC-4178-8620-B09857668B66} = {57174B20-5FD5-419E-A1DC-21E286478DAC}
		{C6A467AE-00D7-48B0-B3F0-3FA7AA608457} = {1A8350DF-2A13-4409-9523-6B021409BC8A}
		{BF21B3F7-A768-43BC-A24E-F89EC6AB19D3} = {57174B20-5FD5-419E-A1DC-21E286478DAC}
		{3CC95852-EECC-4699-8126-2B47061F60D4} = {57174B20-5FD5-419E-A1DC-21E286478DAC}
		{741D0F99-0066-4727-A654-E11AC5CEC1A6} = {57174B20-5FD5-419E-A1DC-21E286478DAC}
	EndGlobalSection
	GlobalSection(ExtensibilityGlobals) = postSolution
		SolutionGuid = {57EAA8B8-0338-401B-8E2C-D2F6B0EFFD4A}
	EndGlobalSection
EndGlobal
